
Microsoft Visual Studio Solution File, Format Version 12.00
# Visual Studio 15
VisualStudioVersion = 15.0.27703.2035
MinimumVisualStudioVersion = 10.0.40219.1
Project("{FAE04EC0-301F-11D3-BF4B-00C04F79EFBC}") = "Tangy", "Tangy\Tangy.csproj", "{ED1B6ED0-15F0-446E-8135-3DDAA8D3D550}"
EndProject
Global
	GlobalSection(SolutionConfigurationPlatforms) = preSolution
		Debug|Any CPU = Debug|Any CPU
		Release|Any CPU = Release|Any CPU
	EndGlobalSection
	GlobalSection(ProjectConfigurationPlatforms) = postSolution
		{ED1B6ED0-15F0-446E-8135-3DDAA8D3D550}.Debug|Any CPU.ActiveCfg = Debug|Any CPU
		{ED1B6ED0-15F0-446E-8135-3DDAA8D3D550}.Debug|Any CPU.Build.0 = Debug|Any CPU
		{ED1B6ED0-15F0-446E-8135-3DDAA8D3D550}.Release|Any CPU.ActiveCfg = Release|Any CPU
		{ED1B6ED0-15F0-446E-8135-3DDAA8D3D550}.Release|Any CPU.Build.0 = Release|Any CPU
	EndGlobalSection
	GlobalSection(SolutionProperties) = preSolution
		HideSolutionNode = FALSE
	EndGlobalSection
	GlobalSection(ExtensibilityGlobals) = postSolution
		SolutionGuid = {14716C44-5108-4B42-A10A-427C27782A8C}
	EndGlobalSection
EndGlobal
